
Microsoft Visual Studio Solution File, Format Version 12.00
# Visual Studio 15
VisualStudioVersion = 15.0.28307.572
MinimumVisualStudioVersion = 10.0.40219.1
Project("{FAE04EC0-301F-11D3-BF4B-00C04F79EFBC}") = "desktop_dotnet", "desktop_dotnet\desktop_dotnet.csproj", "{C3DD592B-1059-4B7B-96DD-249339DD7355}"
EndProject
Global
	GlobalSection(SolutionConfigurationPlatforms) = preSolution
		Debug|Any CPU = Debug|Any CPU
		Release|Any CPU = Release|Any CPU
	EndGlobalSection
	GlobalSection(ProjectConfigurationPlatforms) = postSolution
		{C3DD592B-1059-4B7B-96DD-249339DD7355}.Debug|Any CPU.ActiveCfg = Debug|Any CPU
		{C3DD592B-1059-4B7B-96DD-249339DD7355}.Debug|Any CPU.Build.0 = Debug|Any CPU
		{C3DD592B-1059-4B7B-96DD-249339DD7355}.Release|Any CPU.ActiveCfg = Release|Any CPU
		{C3DD592B-1059-4B7B-96DD-249339DD7355}.Release|Any CPU.Build.0 = Release|Any CPU
	EndGlobalSection
	GlobalSection(SolutionProperties) = preSolution
		HideSolutionNode = FALSE
	EndGlobalSection
	GlobalSection(ExtensibilityGlobals) = postSolution
		SolutionGuid = {77CAA902-8063-4D78-B8CB-DC8B3BB8D806}
	EndGlobalSection
EndGlobal
